Microsoft Visual Studio Solution File, Format Version 12.00
# Visual Studio Version 17
VisualStudioVersion = 17.5.2.0
MinimumVisualStudioVersion = 10.0.40219.1
Project("{FAE04EC0-301F-11D3-BF4B-00C04F79EFBC}") = "C#Intro", "C#Intro.csproj", "{E417564D-88F3-EA9D-EBBA-E447A5CF1A15}"
EndProject
Global
	GlobalSection(SolutionConfigurationPlatforms) = preSolution
		Debug|Any CPU = Debug|Any CPU
		Release|Any CPU = Release|Any CPU
	EndGlobalSection
	GlobalSection(ProjectConfigurationPlatforms) = postSolution
		{E417564D-88F3-EA9D-EBBA-E447A5CF1A15}.Debug|Any CPU.ActiveCfg = Debug|Any CPU
		{E417564D-88F3-EA9D-EBBA-E447A5CF1A15}.Debug|Any CPU.Build.0 = Debug|Any CPU
		{E417564D-88F3-EA9D-EBBA-E447A5CF1A15}.Release|Any CPU.ActiveCfg = Release|Any CPU
		{E417564D-88F3-EA9D-EBBA-E447A5CF1A15}.Release|Any CPU.Build.0 = Release|Any CPU
	EndGlobalSection
	GlobalSection(SolutionProperties) = preSolution
		HideSolutionNode = FALSE
	EndGlobalSection
	GlobalSection(ExtensibilityGlobals) = postSolution
		SolutionGuid = {6B742EFA-9951-4558-885B-32B76D0CD62E}
	EndGlobalSection
EndGlobal
